{
  "name": "babel-study",
  "version": "1.0.0",
  "lockfileVersion": 1,
  "requires": true,
  "dependencies": {
    "@babel/parser": {
      "version": "7.15.8",
      "resolved": "https://registry.npmmirror.com/@babel/parser/download/@babel/parser-7.15.8.tgz",
      "integrity": "sha1-e6zcvnG9w/+TbVEMFdzqfPC5kBY=",
      "dev": true
    },
    "acorn": {
      "version": "8.5.0",
      "resolved": "https://registry.npmmirror.com/acorn/download/acorn-8.5.0.tgz",
      "integrity": "sha1-RRLMuZs2mMdSWR6btEcuOK1DzuI=",
      "dev": true
    }
  }
}
